{
    "_meta": {
        "hash": {
            "sha256": "16a132d94f002731e63206021fb035bcdcfa98221b14c64aea9e7488b7492004"
        },
        "pipfile-spec": 6,
        "requires": {
            "python_version": "3.6"
        },
        "sources": [
            {
                "name": "pypi",
                "url": "https://pypi.org/simple",
                "verify_ssl": true
            }
        ]
    },
    "default": {
        "django": {
            "hashes": [
                "sha256:0120b3b60760fb0617848b58aaa9702c0bf963320ed472f0879c5c55ab75b64a",
                "sha256:b6f3b864944276b4fd1d099952112696558f78b77b39188ac92b6c5e80152c30"
            ],
            "index": "pypi",
            "version": "==1.11"
        },
        "django-filter": {
            "hashes": [
                "sha256:6f4e4bc1a11151178520567b50320e5c32f8edb552139d93ea3e30613b886f56",
                "sha256:86c3925020c27d072cdae7b828aaa5d165c2032a629abbe3c3a1be1edae61c58"
            ],
            "index": "pypi",
            "version": "==2.0.0"
        },
        "djangorestframework": {
            "hashes": [
                "sha256:b6714c3e4b0f8d524f193c91ecf5f5450092c2145439ac2769711f7eba89a9d9",
                "sha256:c375e4f95a3a64fccac412e36fb42ba36881e52313ec021ef410b40f67cddca4"
            ],
            "index": "pypi",
            "version": "==3.8.2"
        },
        "pygments": {
            "hashes": [
                "sha256:78f3f434bcc5d6ee09020f92ba487f95ba50f1e3ef83ae96b9d5ffa1bab25c5d",
                "sha256:dbae1046def0efb574852fab9e90209b23f556367b5a320c0bcb871c77c3e8cc"
            ],
            "index": "pypi",
            "version": "==2.2.0"
        },
        "pytz": {
            "hashes": [
                "sha256:a061aa0a9e06881eb8b3b2b43f05b9439d6583c206d0a6c340ff72a7b6669053",
                "sha256:ffb9ef1de172603304d9d2819af6f5ece76f2e85ec10692a524dd876e72bf277"
            ],
            "version": "==2018.5"
        }
    },
    "develop": {}
}
